
Microsoft Visual Studio Solution File, Format Version 12.00
# Visual Studio Version 17
VisualStudioVersion = 17.0.31903.59
MinimumVisualStudioVersion = 10.0.40219.1
Project("{9A19103F-16F7-4668-BE54-9A1E7A4F7556}") = "EncantoLib", "EncantoLib\EncantoLib.csproj", "{32ADC074-235A-4126-9D0E-03F4C0FB5555}"
EndProject
Project("{FAE04EC0-301F-11D3-BF4B-00C04F79EFBC}") = "EncantoAPI", "EncantoAPI\EncantoAPI.csproj", "{78B43319-BF4E-4FC7-AE38-40C811322A49}"
EndProject
Global
	GlobalSection(SolutionConfigurationPlatforms) = preSolution
		Debug|Any CPU = Debug|Any CPU
		Release|Any CPU = Release|Any CPU
	EndGlobalSection
	GlobalSection(ProjectConfigurationPlatforms) = postSolution
		{32ADC074-235A-4126-9D0E-03F4C0FB5555}.Debug|Any CPU.ActiveCfg = Debug|Any CPU
		{32ADC074-235A-4126-9D0E-03F4C0FB5555}.Debug|Any CPU.Build.0 = Debug|Any CPU
		{32ADC074-235A-4126-9D0E-03F4C0FB5555}.Release|Any CPU.ActiveCfg = Release|Any CPU
		{32ADC074-235A-4126-9D0E-03F4C0FB5555}.Release|Any CPU.Build.0 = Release|Any CPU
		{78B43319-BF4E-4FC7-AE38-40C811322A49}.Debug|Any CPU.ActiveCfg = Debug|Any CPU
		{78B43319-BF4E-4FC7-AE38-40C811322A49}.Debug|Any CPU.Build.0 = Debug|Any CPU
		{78B43319-BF4E-4FC7-AE38-40C811322A49}.Release|Any CPU.ActiveCfg = Release|Any CPU
		{78B43319-BF4E-4FC7-AE38-40C811322A49}.Release|Any CPU.Build.0 = Release|Any CPU
	EndGlobalSection
	GlobalSection(SolutionProperties) = preSolution
		HideSolutionNode = FALSE
	EndGlobalSection
	GlobalSection(ExtensibilityGlobals) = postSolution
		SolutionGuid = {A11E3E7D-DDF5-4459-A9CB-F09D4769375B}
	EndGlobalSection
EndGlobal
